// !$*UTF8*$!
{
	archiveVersion = 1;
	classes = {
	};
	objectVersion = 55;
	objects = {

/* Begin PBXBuildFile section */
		E4DB0A5C29978DA2002A9969 /* AppDelegate.swift in Sources */ = {isa = PBXBuildFile; fileRef = E4DB0A5B29978DA2002A9969 /* AppDelegate.swift */; };
		E4DB0A5E29978DA2002A9969 /* SceneDelegate.swift in Sources */ = {isa = PBXBuildFile; fileRef = E4DB0A5D29978DA2002A9969 /* SceneDelegate.swift */; };
		E4DB0A6329978DA2002A9969 /* Main.storyboard in Resources */ = {isa = PBXBuildFile; fileRef = E4DB0A6129978DA2002A9969 /* Main.storyboard */; };
		E4DB0A6529978DA6002A9969 /* Assets.xcassets in Resources */ = {isa = PBXBuildFile; fileRef = E4DB0A6429978DA6002A9969 /* Assets.xcassets */; };
		E4DB0A6829978DA6002A9969 /* LaunchScreen.storyboard in Resources */ = {isa = PBXBuildFile; fileRef = E4DB0A6629978DA6002A9969 /* LaunchScreen.storyboard */; };
		E4DB0A7229978E03002A9969 /* ApiError.swift in Sources */ = {isa = PBXBuildFile; fileRef = E4DB0A7129978E03002A9969 /* ApiError.swift */; };
		E4DB0A7429978E16002A9969 /* ApiHandler.swift in Sources */ = {isa = PBXBuildFile; fileRef = E4DB0A7329978E16002A9969 /* ApiHandler.swift */; };
		E4DB0A7729978E65002A9969 /* UITableView+Extension.swift in Sources */ = {isa = PBXBuildFile; fileRef = E4DB0A7629978E65002A9969 /* UITableView+Extension.swift */; };
		E4DB0A7929978E74002A9969 /* String+Extension.swift in Sources */ = {isa = PBXBuildFile; fileRef = E4DB0A7829978E74002A9969 /* String+Extension.swift */; };
		E4DB0A7F29978F31002A9969 /* AppConstants.swift in Sources */ = {isa = PBXBuildFile; fileRef = E4DB0A7E29978F31002A9969 /* AppConstants.swift */; };
		E4DB0A8729978FD7002A9969 /* AcronymsSearchService.swift in Sources */ = {isa = PBXBuildFile; fileRef = E4DB0A8629978FD7002A9969 /* AcronymsSearchService.swift */; };
		E4DB0A8929979015002A9969 /* AcronymsSearchViewModel.swift in Sources */ = {isa = PBXBuildFile; fileRef = E4DB0A8829979015002A9969 /* AcronymsSearchViewModel.swift */; };
		E4DB0A8B2997902D002A9969 /* AcronymsCellViewModel.swift in Sources */ = {isa = PBXBuildFile; fileRef = E4DB0A8A2997902D002A9969 /* AcronymsCellViewModel.swift */; };
		E4DB0A8D2997906A002A9969 /* AcronymsSearchRequestModel.swift in Sources */ = {isa = PBXBuildFile; fileRef = E4DB0A8C2997906A002A9969 /* AcronymsSearchRequestModel.swift */; };
		E4DB0A8F29979086002A9969 /* AcronymsSearchResponseModel.swift in Sources */ = {isa = PBXBuildFile; fileRef = E4DB0A8E29979086002A9969 /* AcronymsSearchResponseModel.swift */; };
		E4DB0A92299790B7002A9969 /* AcronymsTableViewCell.swift in Sources */ = {isa = PBXBuildFile; fileRef = E4DB0A90299790B7002A9969 /* AcronymsTableViewCell.swift */; };
		E4DB0A93299790B7002A9969 /* AcronymsTableViewCell.xib in Resources */ = {isa = PBXBuildFile; fileRef = E4DB0A91299790B7002A9969 /* AcronymsTableViewCell.xib */; };
		E4DB0A9529979173002A9969 /* AcronymsSearchViewController.swift in Sources */ = {isa = PBXBuildFile; fileRef = E4DB0A9429979173002A9969 /* AcronymsSearchViewController.swift */; };
		E4DB0A9D29979A13002A9969 /* AcronymsSearchViewModelTest.swift in Sources */ = {isa = PBXBuildFile; fileRef = E4DB0A9C29979A13002A9969 /* AcronymsSearchViewModelTest.swift */; };
		E4DB0AA82997AD2B002A9969 /* AcronymsSearchServiceMock.swift in Sources */ = {isa = PBXBuildFile; fileRef = E4DB0AA72997AD2B002A9969 /* AcronymsSearchServiceMock.swift */; };
		E4DB0AAB2997B51D002A9969 /* AcronymsResponseStub.json in Resources */ = {isa = PBXBuildFile; fileRef = E4DB0AA52997ACB2002A9969 /* AcronymsResponseStub.json */; };
/* End PBXBuildFile section */

/* Begin PBXContainerItemProxy section */
		E4DB0A9E29979A13002A9969 /* PBXContainerItemProxy */ = {
			isa = PBXContainerItemProxy;
			containerPortal = E4DB0A5029978DA2002A9969 /* Project object */;
			proxyType = 1;
			remoteGlobalIDString = E4DB0A5729978DA2002A9969;
			remoteInfo = AcronymsSearch;
		};
/* End PBXContainerItemProxy section */

/* Begin PBXFileReference section */
		E4DB0A5829978DA2002A9969 /* AcronymsSearch.app */ = {isa = PBXFileReference; explicitFileType = wrapper.application; includeInIndex = 0; path = AcronymsSearch.app; sourceTree = BUILT_PRODUCTS_DIR; };
		E4DB0A5B29978DA2002A9969 /* AppDelegate.swift */ = {isa = PBXFileReference; lastKnownFileType = sourcecode.swift; path = AppDelegate.swift; sourceTree = "<group>"; };
		E4DB0A5D29978DA2002A9969 /* SceneDelegate.swift */ = {isa = PBXFileReference; lastKnownFileType = sourcecode.swift; path = SceneDelegate.swift; sourceTree = "<group>"; };
		E4DB0A6229978DA2002A9969 /* Base */ = {isa = PBXFileReference; lastKnownFileType = file.storyboard; name = Base; path = Base.lproj/Main.storyboard; sourceTree = "<group>"; };
		E4DB0A6429978DA6002A9969 /* Assets.xcassets */ = {isa = PBXFileReference; lastKnownFileType = folder.assetcatalog; path = Assets.xcassets; sourceTree = "<group>"; };
		E4DB0A6729978DA6002A9969 /* Base */ = {isa = PBXFileReference; lastKnownFileType = file.storyboard; name = Base; path = Base.lproj/LaunchScreen.storyboard; sourceTree = "<group>"; };
		E4DB0A6929978DA6002A9969 /* Info.plist */ = {isa = PBXFileReference; lastKnownFileType = text.plist.xml; path = Info.plist; sourceTree = "<group>"; };
		E4DB0A7129978E03002A9969 /* ApiError.swift */ = {isa = PBXFileReference; lastKnownFileType = sourcecode.swift; path = ApiError.swift; sourceTree = "<group>"; };
		E4DB0A7329978E16002A9969 /* ApiHandler.swift */ = {isa = PBXFileReference; lastKnownFileType = sourcecode.swift; path = ApiHandler.swift; sourceTree = "<group>"; };
		E4DB0A7629978E65002A9969 /* UITableView+Extension.swift */ = {isa = PBXFileReference; lastKnownFileType = sourcecode.swift; path = "UITableView+Extension.swift"; sourceTree = "<group>"; };
		E4DB0A7829978E74002A9969 /* String+Extension.swift */ = {isa = PBXFileReference; lastKnownFileType = sourcecode.swift; path = "String+Extension.swift"; sourceTree = "<group>"; };
		E4DB0A7E29978F31002A9969 /* AppConstants.swift */ = {isa = PBXFileReference; lastKnownFileType = sourcecode.swift; path = AppConstants.swift; sourceTree = "<group>"; };
		E4DB0A8629978FD7002A9969 /* AcronymsSearchService.swift */ = {isa = PBXFileReference; lastKnownFileType = sourcecode.swift; path = AcronymsSearchService.swift; sourceTree = "<group>"; };
		E4DB0A8829979015002A9969 /* AcronymsSearchViewModel.swift */ = {isa = PBXFileReference; lastKnownFileType = sourcecode.swift; path = AcronymsSearchViewModel.swift; sourceTree = "<group>"; };
		E4DB0A8A2997902D002A9969 /* AcronymsCellViewModel.swift */ = {isa = PBXFileReference; lastKnownFileType = sourcecode.swift; path = AcronymsCellViewModel.swift; sourceTree = "<group>"; };
		E4DB0A8C2997906A002A9969 /* AcronymsSearchRequestModel.swift */ = {isa = PBXFileReference; lastKnownFileType = sourcecode.swift; path = AcronymsSearchRequestModel.swift; sourceTree = "<group>"; };
		E4DB0A8E29979086002A9969 /* AcronymsSearchResponseModel.swift */ = {isa = PBXFileReference; lastKnownFileType = sourcecode.swift; path = AcronymsSearchResponseModel.swift; sourceTree = "<group>"; };
		E4DB0A90299790B7002A9969 /* AcronymsTableViewCell.swift */ = {isa = PBXFileReference; lastKnownFileType = sourcecode.swift; path = AcronymsTableViewCell.swift; sourceTree = "<group>"; };
		E4DB0A91299790B7002A9969 /* AcronymsTableViewCell.xib */ = {isa = PBXFileReference; lastKnownFileType = file.xib; path = AcronymsTableViewCell.xib; sourceTree = "<group>"; };
		E4DB0A9429979173002A9969 /* AcronymsSearchViewController.swift */ = {isa = PBXFileReference; lastKnownFileType = sourcecode.swift; path = AcronymsSearchViewController.swift; sourceTree = "<group>"; };
		E4DB0A9A29979A13002A9969 /* AcronymsSearchTests.xctest */ = {isa = PBXFileReference; explicitFileType = wrapper.cfbundle; includeInIndex = 0; path = AcronymsSearchTests.xctest; sourceTree = BUILT_PRODUCTS_DIR; };
		E4DB0A9C29979A13002A9969 /* AcronymsSearchViewModelTest.swift */ = {isa = PBXFileReference; lastKnownFileType = sourcecode.swift; path = AcronymsSearchViewModelTest.swift; sourceTree = "<group>"; };
		E4DB0AA52997ACB2002A9969 /* AcronymsResponseStub.json */ = {isa = PBXFileReference; lastKnownFileType = text.json; path = AcronymsResponseStub.json; sourceTree = "<group>"; };
		E4DB0AA72997AD2B002A9969 /* AcronymsSearchServiceMock.swift */ = {isa = PBXFileReference; lastKnownFileType = sourcecode.swift; path = AcronymsSearchServiceMock.swift; sourceTree = "<group>"; };
/* End PBXFileReference section */

/* Begin PBXFrameworksBuildPhase section */
		E4DB0A5529978DA2002A9969 /* Frameworks */ = {
			isa = PBXFrameworksBuildPhase;
			buildActionMask = 2147483647;
			files = (
			);
			runOnlyForDeploymentPostprocessing = 0;
		};
		E4DB0A9729979A13002A9969 /* Frameworks */ = {
			isa = PBXFrameworksBuildPhase;
			buildActionMask = 2147483647;
			files = (
			);
			runOnlyForDeploymentPostprocessing = 0;
		};
/* End PBXFrameworksBuildPhase section */

/* Begin PBXGroup section */
		E4DB0A4F29978DA2002A9969 = {
			isa = PBXGroup;
			children = (
				E4DB0A5A29978DA2002A9969 /* AcronymsSearch */,
				E4DB0A9B29979A13002A9969 /* AcronymsSearchTests */,
				E4DB0A5929978DA2002A9969 /* Products */,
			);
			sourceTree = "<group>";
		};
		E4DB0A5929978DA2002A9969 /* Products */ = {
			isa = PBXGroup;
			children = (
				E4DB0A5829978DA2002A9969 /* AcronymsSearch.app */,
				E4DB0A9A29979A13002A9969 /* AcronymsSearchTests.xctest */,
			);
			name = Products;
			sourceTree = "<group>";
		};
		E4DB0A5A29978DA2002A9969 /* AcronymsSearch */ = {
			isa = PBXGroup;
			children = (
				E4DB0A6F29978DBD002A9969 /* Application */,
				E4DB0A7029978DDC002A9969 /* ServiceUtils */,
				E4DB0A7529978E4A002A9969 /* Extensions */,
				E4DB0A7C29978EF9002A9969 /* Screens */,
				E4DB0A7A29978EB5002A9969 /* Constants */,
				E4DB0A7B29978EC2002A9969 /* Storyboard */,
				E4DB0A7D29978F0D002A9969 /* Resources */,
				E4DB0A6929978DA6002A9969 /* Info.plist */,
			);
			path = AcronymsSearch;
			sourceTree = "<group>";
		};
		E4DB0A6F29978DBD002A9969 /* Application */ = {
			isa = PBXGroup;
			children = (
				E4DB0A5B29978DA2002A9969 /* AppDelegate.swift */,
				E4DB0A5D29978DA2002A9969 /* SceneDelegate.swift */,
			);
			path = Application;
			sourceTree = "<group>";
		};
		E4DB0A7029978DDC002A9969 /* ServiceUtils */ = {
			isa = PBXGroup;
			children = (
				E4DB0A7129978E03002A9969 /* ApiError.swift */,
				E4DB0A7329978E16002A9969 /* ApiHandler.swift */,
			);
			path = ServiceUtils;
			sourceTree = "<group>";
		};
		E4DB0A7529978E4A002A9969 /* Extensions */ = {
			isa = PBXGroup;
			children = (
				E4DB0A7629978E65002A9969 /* UITableView+Extension.swift */,
				E4DB0A7829978E74002A9969 /* String+Extension.swift */,
			);
			path = Extensions;
			sourceTree = "<group>";
		};
		E4DB0A7A29978EB5002A9969 /* Constants */ = {
			isa = PBXGroup;
			children = (
				E4DB0A7E29978F31002A9969 /* AppConstants.swift */,
			);
			path = Constants;
			sourceTree = "<group>";
		};
		E4DB0A7B29978EC2002A9969 /* Storyboard */ = {
			isa = PBXGroup;
			children = (
				E4DB0A6129978DA2002A9969 /* Main.storyboard */,
				E4DB0A6629978DA6002A9969 /* LaunchScreen.storyboard */,
			);
			path = Storyboard;
			sourceTree = "<group>";
		};
		E4DB0A7C29978EF9002A9969 /* Screens */ = {
			isa = PBXGroup;
			children = (
				E4DB0A8029978F5C002A9969 /* AcronymsSearch */,
			);
			path = Screens;
			sourceTree = "<group>";
		};
		E4DB0A7D29978F0D002A9969 /* Resources */ = {
			isa = PBXGroup;
			children = (
				E4DB0A6429978DA6002A9969 /* Assets.xcassets */,
			);
			path = Resources;
			sourceTree = "<group>";
		};
		E4DB0A8029978F5C002A9969 /* AcronymsSearch */ = {
			isa = PBXGroup;
			children = (
				E4DB0A8529978FA8002A9969 /* Model */,
				E4DB0A8229978F7A002A9969 /* View */,
				E4DB0A8429978F99002A9969 /* ViewModels */,
				E4DB0A8129978F73002A9969 /* Service */,
			);
			path = AcronymsSearch;
			sourceTree = "<group>";
		};
		E4DB0A8129978F73002A9969 /* Service */ = {
			isa = PBXGroup;
			children = (
				E4DB0A8629978FD7002A9969 /* AcronymsSearchService.swift */,
			);
			path = Service;
			sourceTree = "<group>";
		};
		E4DB0A8229978F7A002A9969 /* View */ = {
			isa = PBXGroup;
			children = (
				E4DB0A8329978F86002A9969 /* TableViewCell */,
				E4DB0A9429979173002A9969 /* AcronymsSearchViewController.swift */,
			);
			path = View;
			sourceTree = "<group>";
		};
		E4DB0A8329978F86002A9969 /* TableViewCell */ = {
			isa = PBXGroup;
			children = (
				E4DB0A90299790B7002A9969 /* AcronymsTableViewCell.swift */,
				E4DB0A91299790B7002A9969 /* AcronymsTableViewCell.xib */,
			);
			name = TableViewCell;
			sourceTree = "<group>";
		};
		E4DB0A8429978F99002A9969 /* ViewModels */ = {
			isa = PBXGroup;
			children = (
				E4DB0A8829979015002A9969 /* AcronymsSearchViewModel.swift */,
				E4DB0A8A2997902D002A9969 /* AcronymsCellViewModel.swift */,
			);
			path = ViewModels;
			sourceTree = "<group>";
		};
		E4DB0A8529978FA8002A9969 /* Model */ = {
			isa = PBXGroup;
			children = (
				E4DB0A8C2997906A002A9969 /* AcronymsSearchRequestModel.swift */,
				E4DB0A8E29979086002A9969 /* AcronymsSearchResponseModel.swift */,
			);
			path = Model;
			sourceTree = "<group>";
		};
		E4DB0A9B29979A13002A9969 /* AcronymsSearchTests */ = {
			isa = PBXGroup;
			children = (
				E4DB0A9C29979A13002A9969 /* AcronymsSearchViewModelTest.swift */,
				E4DB0AA72997AD2B002A9969 /* AcronymsSearchServiceMock.swift */,
				E4DB0AA52997ACB2002A9969 /* AcronymsResponseStub.json */,
			);
			path = AcronymsSearchTests;
			sourceTree = "<group>";
		};
/* End PBXGroup section */

/* Begin PBXNativeTarget section */
		E4DB0A5729978DA2002A9969 /* AcronymsSearch */ = {
			isa = PBXNativeTarget;
			buildConfigurationList = E4DB0A6C29978DA6002A9969 /* Build configuration list for PBXNativeTarget "AcronymsSearch" */;
			buildPhases = (
				E4DB0A5429978DA2002A9969 /* Sources */,
				E4DB0A5529978DA2002A9969 /* Frameworks */,
				E4DB0A5629978DA2002A9969 /* Resources */,
			);
			buildRules = (
			);
			dependencies = (
			);
			name = AcronymsSearch;
			productName = AcronymsSearch;
			productReference = E4DB0A5829978DA2002A9969 /* AcronymsSearch.app */;
			productType = "com.apple.product-type.application";
		};
		E4DB0A9929979A13002A9969 /* AcronymsSearchTests */ = {
			isa = PBXNativeTarget;
			buildConfigurationList = E4DB0AA029979A13002A9969 /* Build configuration list for PBXNativeTarget "AcronymsSearchTests" */;
			buildPhases = (
				E4DB0A9629979A13002A9969 /* Sources */,
				E4DB0A9729979A13002A9969 /* Frameworks */,
				E4DB0A9829979A13002A9969 /* Resources */,
			);
			buildRules = (
			);
			dependencies = (
				E4DB0A9F29979A13002A9969 /* PBXTargetDependency */,
			);
			name = AcronymsSearchTests;
			productName = AcronymsSearchTests;
			productReference = E4DB0A9A29979A13002A9969 /* AcronymsSearchTests.xctest */;
			productType = "com.apple.product-type.bundle.unit-test";
		};
/* End PBXNativeTarget section */

/* Begin PBXProject section */
		E4DB0A5029978DA2002A9969 /* Project object */ = {
			isa = PBXProject;
			attributes = {
				BuildIndependentTargetsInParallel = 1;
				LastSwiftUpdateCheck = 1340;
				LastUpgradeCheck = 1340;
				TargetAttributes = {
					E4DB0A5729978DA2002A9969 = {
						CreatedOnToolsVersion = 13.4.1;
					};
					E4DB0A9929979A13002A9969 = {
						CreatedOnToolsVersion = 13.4.1;
						TestTargetID = E4DB0A5729978DA2002A9969;
					};
				};
			};
			buildConfigurationList = E4DB0A5329978DA2002A9969 /* Build configuration list for PBXProject "AcronymsSearch" */;
			compatibilityVersion = "Xcode 13.0";
			developmentRegion = en;
			hasScannedForEncodings = 0;
			knownRegions = (
				en,
				Base,
			);
			mainGroup = E4DB0A4F29978DA2002A9969;
			productRefGroup = E4DB0A5929978DA2002A9969 /* Products */;
			projectDirPath = "";
			projectRoot = "";
			targets = (
				E4DB0A5729978DA2002A9969 /* AcronymsSearch */,
				E4DB0A9929979A13002A9969 /* AcronymsSearchTests */,
			);
		};
/* End PBXProject section */

/* Begin PBXResourcesBuildPhase section */
		E4DB0A5629978DA2002A9969 /* Resources */ = {
			isa = PBXResourcesBuildPhase;
			buildActionMask = 2147483647;
			files = (
				E4DB0A6829978DA6002A9969 /* LaunchScreen.storyboard in Resources */,
				E4DB0A93299790B7002A9969 /* AcronymsTableViewCell.xib in Resources */,
				E4DB0A6529978DA6002A9969 /* Assets.xcassets in Resources */,
				E4DB0A6329978DA2002A9969 /* Main.storyboard in Resources */,
			);
			runOnlyForDeploymentPostprocessing = 0;
		};
		E4DB0A9829979A13002A9969 /* Resources */ = {
			isa = PBXResourcesBuildPhase;
			buildActionMask = 2147483647;
			files = (
				E4DB0AAB2997B51D002A9969 /* AcronymsResponseStub.json in Resources */,
			);
			runOnlyForDeploymentPostprocessing = 0;
		};
/* End PBXResourcesBuildPhase section */

/* Begin PBXSourcesBuildPhase section */
		E4DB0A5429978DA2002A9969 /* Sources */ = {
			isa = PBXSourcesBuildPhase;
			buildActionMask = 2147483647;
			files = (
				E4DB0A8D2997906A002A9969 /* AcronymsSearchRequestModel.swift in Sources */,
				E4DB0A7929978E74002A9969 /* String+Extension.swift in Sources */,
				E4DB0A8729978FD7002A9969 /* AcronymsSearchService.swift in Sources */,
				E4DB0A7229978E03002A9969 /* ApiError.swift in Sources */,
				E4DB0A9529979173002A9969 /* AcronymsSearchViewController.swift in Sources */,
				E4DB0A7429978E16002A9969 /* ApiHandler.swift in Sources */,
				E4DB0A8B2997902D002A9969 /* AcronymsCellViewModel.swift in Sources */,
				E4DB0A8F29979086002A9969 /* AcronymsSearchResponseModel.swift in Sources */,
				E4DB0A8929979015002A9969 /* AcronymsSearchViewModel.swift in Sources */,
				E4DB0A92299790B7002A9969 /* AcronymsTableViewCell.swift in Sources */,
				E4DB0A5C29978DA2002A9969 /* AppDelegate.swift in Sources */,
				E4DB0A7F29978F31002A9969 /* AppConstants.swift in Sources */,
				E4DB0A5E29978DA2002A9969 /* SceneDelegate.swift in Sources */,
				E4DB0A7729978E65002A9969 /* UITableView+Extension.swift in Sources */,
			);
			runOnlyForDeploymentPostprocessing = 0;
		};
		E4DB0A9629979A13002A9969 /* Sources */ = {
			isa = PBXSourcesBuildPhase;
			buildActionMask = 2147483647;
			files = (
				E4DB0A9D29979A13002A9969 /* AcronymsSearchViewModelTest.swift in Sources */,
				E4DB0AA82997AD2B002A9969 /* AcronymsSearchServiceMock.swift in Sources */,
			);
			runOnlyForDeploymentPostprocessing = 0;
		};
/* End PBXSourcesBuildPhase section */

/* Begin PBXTargetDependency section */
		E4DB0A9F29979A13002A9969 /* PBXTargetDependency */ = {
			isa = PBXTargetDependency;
			target = E4DB0A5729978DA2002A9969 /* AcronymsSearch */;
			targetProxy = E4DB0A9E29979A13002A9969 /* PBXContainerItemProxy */;
		};
/* End PBXTargetDependency section */

/* Begin PBXVariantGroup section */
		E4DB0A6129978DA2002A9969 /* Main.storyboard */ = {
			isa = PBXVariantGroup;
			children = (
				E4DB0A6229978DA2002A9969 /* Base */,
			);
			name = Main.storyboard;
			sourceTree = "<group>";
		};
		E4DB0A6629978DA6002A9969 /* LaunchScreen.storyboard */ = {
			isa = PBXVariantGroup;
			children = (
				E4DB0A6729978DA6002A9969 /* Base */,
			);
			name = LaunchScreen.storyboard;
			sourceTree = "<group>";
		};
/* End PBXVariantGroup section */

/* Begin XCBuildConfiguration section */
		E4DB0A6A29978DA6002A9969 /* Debug */ = {
			isa = XCBuildConfiguration;
			buildSettings = {
				ALWAYS_SEARCH_USER_PATHS = NO;
				CLANG_ANALYZER_NONNULL = YES;
				CLANG_ANALYZER_NUMBER_OBJECT_CONVERSION = YES_AGGRESSIVE;
				CLANG_CXX_LANGUAGE_STANDARD = "gnu++17";
				CLANG_ENABLE_MODULES = YES;
				CLANG_ENABLE_OBJC_ARC = YES;
				CLANG_ENABLE_OBJC_WEAK = YES;
				CLANG_WARN_BLOCK_CAPTURE_AUTORELEASING = YES;
				CLANG_WARN_BOOL_CONVERSION = YES;
				CLANG_WARN_COMMA = YES;
				CLANG_WARN_CONSTANT_CONVERSION = YES;
				CLANG_WARN_DEPRECATED_OBJC_IMPLEMENTATIONS = YES;
				CLANG_WARN_DIRECT_OBJC_ISA_USAGE = YES_ERROR;
				CLANG_WARN_DOCUMENTATION_COMMENTS = YES;
				CLANG_WARN_EMPTY_BODY = YES;
				CLANG_WARN_ENUM_CONVERSION = YES;
				CLANG_WARN_INFINITE_RECURSION = YES;
				CLANG_WARN_INT_CONVERSION = YES;
				CLANG_WARN_NON_LITERAL_NULL_CONVERSION = YES;
				CLANG_WARN_OBJC_IMPLICIT_RETAIN_SELF = YES;
				CLANG_WARN_OBJC_LITERAL_CONVERSION = YES;
				CLANG_WARN_OBJC_ROOT_CLASS = YES_ERROR;
				CLANG_WARN_QUOTED_INCLUDE_IN_FRAMEWORK_HEADER = YES;
				CLANG_WARN_RANGE_LOOP_ANALYSIS = YES;
				CLANG_WARN_STRICT_PROTOTYPES = YES;
				CLANG_WARN_SUSPICIOUS_MOVE = YES;
				CLANG_WARN_UNGUARDED_AVAILABILITY = YES_AGGRESSIVE;
				CLANG_WARN_UNREACHABLE_CODE = YES;
				CLANG_WARN__DUPLICATE_METHOD_MATCH = YES;
				COPY_PHASE_STRIP = NO;
				DEBUG_INFORMATION_FORMAT = dwarf;
				ENABLE_STRICT_OBJC_MSGSEND = YES;
				ENABLE_TESTABILITY = YES;
				GCC_C_LANGUAGE_STANDARD = gnu11;
				GCC_DYNAMIC_NO_PIC = NO;
				GCC_NO_COMMON_BLOCKS = YES;
				GCC_OPTIMIZATION_LEVEL = 0;
				GCC_PREPROCESSOR_DEFINITIONS = (
					"DEBUG=1",
					"$(inherited)",
				);
				GCC_WARN_64_TO_32_BIT_CONVERSION = YES;
				GCC_WARN_ABOUT_RETURN_TYPE = YES_ERROR;
				GCC_WARN_UNDECLARED_SELECTOR = YES;
				GCC_WARN_UNINITIALIZED_AUTOS = YES_AGGRESSIVE;
				GCC_WARN_UNUSED_FUNCTION = YES;
				GCC_WARN_UNUSED_VARIABLE = YES;
				IPHONEOS_DEPLOYMENT_TARGET = 15.5;
				MTL_ENABLE_DEBUG_INFO = INCLUDE_SOURCE;
				MTL_FAST_MATH = YES;
				ONLY_ACTIVE_ARCH = YES;
				SDKROOT = iphoneos;
				SWIFT_ACTIVE_COMPILATION_CONDITIONS = DEBUG;
				SWIFT_OPTIMIZATION_LEVEL = "-Onone";
			};
			name = Debug;
		};
		E4DB0A6B29978DA6002A9969 /* Release */ = {
			isa = XCBuildConfiguration;
			buildSettings = {
				ALWAYS_SEARCH_USER_PATHS = NO;
				CLANG_ANALYZER_NONNULL = YES;
				CLANG_ANALYZER_NUMBER_OBJECT_CONVERSION = YES_AGGRESSIVE;
				CLANG_CXX_LANGUAGE_STANDARD = "gnu++17";
				CLANG_ENABLE_MODULES = YES;
				CLANG_ENABLE_OBJC_ARC = YES;
				CLANG_ENABLE_OBJC_WEAK = YES;
				CLANG_WARN_BLOCK_CAPTURE_AUTORELEASING = YES;
				CLANG_WARN_BOOL_CONVERSION = YES;
				CLANG_WARN_COMMA = YES;
				CLANG_WARN_CONSTANT_CONVERSION = YES;
				CLANG_WARN_DEPRECATED_OBJC_IMPLEMENTATIONS = YES;
				CLANG_WARN_DIRECT_OBJC_ISA_USAGE = YES_ERROR;
				CLANG_WARN_DOCUMENTATION_COMMENTS = YES;
				CLANG_WARN_EMPTY_BODY = YES;
				CLANG_WARN_ENUM_CONVERSION = YES;
				CLANG_WARN_INFINITE_RECURSION = YES;
				CLANG_WARN_INT_CONVERSION = YES;
				CLANG_WARN_NON_LITERAL_NULL_CONVERSION = YES;
				CLANG_WARN_OBJC_IMPLICIT_RETAIN_SELF = YES;
				CLANG_WARN_OBJC_LITERAL_CONVERSION = YES;
				CLANG_WARN_OBJC_ROOT_CLASS = YES_ERROR;
				CLANG_WARN_QUOTED_INCLUDE_IN_FRAMEWORK_HEADER = YES;
				CLANG_WARN_RANGE_LOOP_ANALYSIS = YES;
				CLANG_WARN_STRICT_PROTOTYPES = YES;
				CLANG_WARN_SUSPICIOUS_MOVE = YES;
				CLANG_WARN_UNGUARDED_AVAILABILITY = YES_AGGRESSIVE;
				CLANG_WARN_UNREACHABLE_CODE = YES;
				CLANG_WARN__DUPLICATE_METHOD_MATCH = YES;
				COPY_PHASE_STRIP = NO;
				DEBUG_INFORMATION_FORMAT = "dwarf-with-dsym";
				ENABLE_NS_ASSERTIONS = NO;
				ENABLE_STRICT_OBJC_MSGSEND = YES;
				GCC_C_LANGUAGE_STANDARD = gnu11;
				GCC_NO_COMMON_BLOCKS = YES;
				GCC_WARN_64_TO_32_BIT_CONVERSION = YES;
				GCC_WARN_ABOUT_RETURN_TYPE = YES_ERROR;
				GCC_WARN_UNDECLARED_SELECTOR = YES;
				GCC_WARN_UNINITIALIZED_AUTOS = YES_AGGRESSIVE;
				GCC_WARN_UNUSED_FUNCTION = YES;
				GCC_WARN_UNUSED_VARIABLE = YES;
				IPHONEOS_DEPLOYMENT_TARGET = 15.5;
				MTL_ENABLE_DEBUG_INFO = NO;
				MTL_FAST_MATH = YES;
				SDKROOT = iphoneos;
				SWIFT_COMPILATION_MODE = wholemodule;
				SWIFT_OPTIMIZATION_LEVEL = "-O";
				VALIDATE_PRODUCT = YES;
			};
			name = Release;
		};
		E4DB0A6D29978DA6002A9969 /* Debug */ = {
			isa = XCBuildConfiguration;
			buildSettings = {
				ASSETCATALOG_COMPILER_APPICON_NAME = AppIcon;
				ASSETCATALOG_COMPILER_GLOBAL_ACCENT_COLOR_NAME = AccentColor;
				CODE_SIGN_STYLE = Automatic;
				CURRENT_PROJECT_VERSION = 1;
				GENERATE_INFOPLIST_FILE = YES;
				INFOPLIST_FILE = AcronymsSearch/Info.plist;
				INFOPLIST_KEY_UIApplicationSupportsIndirectInputEvents = YES;
				INFOPLIST_KEY_UILaunchStoryboardName = LaunchScreen;
				INFOPLIST_KEY_UIMainStoryboardFile = Main;
				INFOPLIST_KEY_UISupportedInterfaceOrientations_iPad = "UIInterfaceOrientationPortrait UIInterfaceOrientationPortraitUpsideDown UIInterfaceOrientationLandscapeLeft UIInterfaceOrientationLandscapeRight";
				INFOPLIST_KEY_UISupportedInterfaceOrientations_iPhone = "UIInterfaceOrientationPortrait UIInterfaceOrientationLandscapeLeft UIInterfaceOrientationLandscapeRight";
				LD_RUNPATH_SEARCH_PATHS = (
					"$(inherited)",
					"@executable_path/Frameworks",
				);
				MARKETING_VERSION = 1.0;
				PRODUCT_BUNDLE_IDENTIFIER = com.albertsons.AcronymsSearch;
				PRODUCT_NAME = "$(TARGET_NAME)";
				SWIFT_EMIT_LOC_STRINGS = YES;
				SWIFT_VERSION = 5.0;
				TARGETED_DEVICE_FAMILY = "1,2";
			};
			name = Debug;
		};
		E4DB0A6E29978DA6002A9969 /* Release */ = {
			isa = XCBuildConfiguration;
			buildSettings = {
				ASSETCATALOG_COMPILER_APPICON_NAME = AppIcon;
				ASSETCATALOG_COMPILER_GLOBAL_ACCENT_COLOR_NAME = AccentColor;
				CODE_SIGN_STYLE = Automatic;
				CURRENT_PROJECT_VERSION = 1;
				GENERATE_INFOPLIST_FILE = YES;
				INFOPLIST_FILE = AcronymsSearch/Info.plist;
				INFOPLIST_KEY_UIApplicationSupportsIndirectInputEvents = YES;
				INFOPLIST_KEY_UILaunchStoryboardName = LaunchScreen;
				INFOPLIST_KEY_UIMainStoryboardFile = Main;
				INFOPLIST_KEY_UISupportedInterfaceOrientations_iPad = "UIInterfaceOrientationPortrait UIInterfaceOrientationPortraitUpsideDown UIInterfaceOrientationLandscapeLeft UIInterfaceOrientationLandscapeRight";
				INFOPLIST_KEY_UISupportedInterfaceOrientations_iPhone = "UIInterfaceOrientationPortrait UIInterfaceOrientationLandscapeLeft UIInterfaceOrientationLandscapeRight";
				LD_RUNPATH_SEARCH_PATHS = (
					"$(inherited)",
					"@executable_path/Frameworks",
				);
				MARKETING_VERSION = 1.0;
				PRODUCT_BUNDLE_IDENTIFIER = com.albertsons.AcronymsSearch;
				PRODUCT_NAME = "$(TARGET_NAME)";
				SWIFT_EMIT_LOC_STRINGS = YES;
				SWIFT_VERSION = 5.0;
				TARGETED_DEVICE_FAMILY = "1,2";
			};
			name = Release;
		};
		E4DB0AA129979A13002A9969 /* Debug */ = {
			isa = XCBuildConfiguration;
			buildSettings = {
				BUNDLE_LOADER = "$(TEST_HOST)";
				CODE_SIGN_STYLE = Automatic;
				CURRENT_PROJECT_VERSION = 1;
				GENERATE_INFOPLIST_FILE = YES;
				MARKETING_VERSION = 1.0;
				PRODUCT_BUNDLE_IDENTIFIER = com.albertsons.AcronymsSearchTests;
				PRODUCT_NAME = "$(TARGET_NAME)";
				SWIFT_EMIT_LOC_STRINGS = NO;
				SWIFT_VERSION = 5.0;
				TARGETED_DEVICE_FAMILY = "1,2";
				TEST_HOST = "$(BUILT_PRODUCTS_DIR)/AcronymsSearch.app/AcronymsSearch";
			};
			name = Debug;
		};
		E4DB0AA229979A13002A9969 /* Release */ = {
			isa = XCBuildConfiguration;
			buildSettings = {
				BUNDLE_LOADER = "$(TEST_HOST)";
				CODE_SIGN_STYLE = Automatic;
				CURRENT_PROJECT_VERSION = 1;
				GENERATE_INFOPLIST_FILE = YES;
				MARKETING_VERSION = 1.0;
				PRODUCT_BUNDLE_IDENTIFIER = com.albertsons.AcronymsSearchTests;
				PRODUCT_NAME = "$(TARGET_NAME)";
				SWIFT_EMIT_LOC_STRINGS = NO;
				SWIFT_VERSION = 5.0;
				TARGETED_DEVICE_FAMILY = "1,2";
				TEST_HOST = "$(BUILT_PRODUCTS_DIR)/AcronymsSearch.app/AcronymsSearch";
			};
			name = Release;
		};
/* End XCBuildConfiguration section */

/* Begin XCConfigurationList section */
		E4DB0A5329978DA2002A9969 /* Build configuration list for PBXProject "AcronymsSearch" */ = {
			isa = XCConfigurationList;
			buildConfigurations = (
				E4DB0A6A29978DA6002A9969 /* Debug */,
				E4DB0A6B29978DA6002A9969 /* Release */,
			);
			defaultConfigurationIsVisible = 0;
			defaultConfigurationName = Release;
		};
		E4DB0A6C29978DA6002A9969 /* Build configuration list for PBXNativeTarget "AcronymsSearch" */ = {
			isa = XCConfigurationList;
			buildConfigurations = (
				E4DB0A6D29978DA6002A9969 /* Debug */,
				E4DB0A6E29978DA6002A9969 /* Release */,
			);
			defaultConfigurationIsVisible = 0;
			defaultConfigurationName = Release;
		};
		E4DB0AA029979A13002A9969 /* Build configuration list for PBXNativeTarget "AcronymsSearchTests" */ = {
			isa = XCConfigurationList;
			buildConfigurations = (
				E4DB0AA129979A13002A9969 /* Debug */,
				E4DB0AA229979A13002A9969 /* Release */,
			);
			defaultConfigurationIsVisible = 0;
			defaultConfigurationName = Release;
		};
/* End XCConfigurationList section */
	};
	rootObject = E4DB0A5029978DA2002A9969 /* Project object */;
}
